
Microsoft Visual Studio Solution File, Format Version 12.00
# Visual Studio 14
VisualStudioVersion = 14.0.25420.1
MinimumVisualStudioVersion = 10.0.40219.1
Project("{8BC9CEB8-8B4A-11D0-8D11-00A0C91BC942}") = "win32", "win32\win32.vcxproj", "{D7D05C96-6AF9-48AB-993B-EF1301638AB9}"
EndProject
Project("{8BC9CEB8-8B4A-11D0-8D11-00A0C91BC942}") = "common", "common\common.vcxitems", "{45D41ACC-2C3C-43D2-BC10-02AA73FFC7C7}"
EndProject
Project("{8BC9CEB8-8B4A-11D0-8D11-00A0C91BC942}") = "SceneEditor", "SceneEditor\SceneEditor.vcxproj", "{225BB9A9-556B-4DF0-910B-91DF60E0C0C9}"
EndProject
Global
	GlobalSection(SharedMSBuildProjectFiles) = preSolution
		common\common.vcxitems*{225bb9a9-556b-4df0-910b-91df60e0c0c9}*SharedItemsImports = 4
		common\common.vcxitems*{45d41acc-2c3c-43d2-bc10-02aa73ffc7c7}*SharedItemsImports = 9
		common\common.vcxitems*{d7d05c96-6af9-48ab-993b-ef1301638ab9}*SharedItemsImports = 4
	EndGlobalSection
	GlobalSection(SolutionConfigurationPlatforms) = preSolution
		Debug|ARM = Debug|ARM
		Debug|ARM64 = Debug|ARM64
		Debug|x64 = Debug|x64
		Debug|x86 = Debug|x86
		Release|ARM = Release|ARM
		Release|ARM64 = Release|ARM64
		Release|x64 = Release|x64
		Release|x86 = Release|x86
	EndGlobalSection
	GlobalSection(ProjectConfigurationPlatforms) = postSolution
		{D7D05C96-6AF9-48AB-993B-EF1301638AB9}.Debug|ARM.ActiveCfg = Debug|Win32
		{D7D05C96-6AF9-48AB-993B-EF1301638AB9}.Debug|ARM64.ActiveCfg = Debug|Win32
		{D7D05C96-6AF9-48AB-993B-EF1301638AB9}.Debug|x64.ActiveCfg = Debug|x64
		{D7D05C96-6AF9-48AB-993B-EF1301638AB9}.Debug|x86.ActiveCfg = Debug|Win32
		{D7D05C96-6AF9-48AB-993B-EF1301638AB9}.Debug|x86.Build.0 = Debug|Win32
		{D7D05C96-6AF9-48AB-993B-EF1301638AB9}.Release|ARM.ActiveCfg = Release|Win32
		{D7D05C96-6AF9-48AB-993B-EF1301638AB9}.Release|ARM64.ActiveCfg = Release|Win32
		{D7D05C96-6AF9-48AB-993B-EF1301638AB9}.Release|x64.ActiveCfg = Release|x64
		{D7D05C96-6AF9-48AB-993B-EF1301638AB9}.Release|x64.Build.0 = Release|x64
		{D7D05C96-6AF9-48AB-993B-EF1301638AB9}.Release|x86.ActiveCfg = Release|Win32
		{D7D05C96-6AF9-48AB-993B-EF1301638AB9}.Release|x86.Build.0 = Release|Win32
		{225BB9A9-556B-4DF0-910B-91DF60E0C0C9}.Debug|ARM.ActiveCfg = Debug|Win32
		{225BB9A9-556B-4DF0-910B-91DF60E0C0C9}.Debug|ARM64.ActiveCfg = Debug|Win32
		{225BB9A9-556B-4DF0-910B-91DF60E0C0C9}.Debug|x64.ActiveCfg = Debug|x64
		{225BB9A9-556B-4DF0-910B-91DF60E0C0C9}.Debug|x64.Build.0 = Debug|x64
		{225BB9A9-556B-4DF0-910B-91DF60E0C0C9}.Debug|x86.ActiveCfg = Debug|Win32
		{225BB9A9-556B-4DF0-910B-91DF60E0C0C9}.Debug|x86.Build.0 = Debug|Win32
		{225BB9A9-556B-4DF0-910B-91DF60E0C0C9}.Release|ARM.ActiveCfg = Release|Win32
		{225BB9A9-556B-4DF0-910B-91DF60E0C0C9}.Release|ARM64.ActiveCfg = Release|Win32
		{225BB9A9-556B-4DF0-910B-91DF60E0C0C9}.Release|x64.ActiveCfg = Release|x64
		{225BB9A9-556B-4DF0-910B-91DF60E0C0C9}.Release|x64.Build.0 = Release|x64
		{225BB9A9-556B-4DF0-910B-91DF60E0C0C9}.Release|x86.ActiveCfg = Release|Win32
		{225BB9A9-556B-4DF0-910B-91DF60E0C0C9}.Release|x86.Build.0 = Release|Win32
	EndGlobalSection
	GlobalSection(SolutionProperties) = preSolution
		HideSolutionNode = FALSE
	EndGlobalSection
EndGlobal
