
Microsoft Visual Studio Solution File, Format Version 12.00
# Visual Studio 14
VisualStudioVersion = 14.0.25420.1
MinimumVisualStudioVersion = 10.0.40219.1
Project("{8BC9CEB8-8B4A-11D0-8D11-00A0C91BC942}") = "win32", "win32\win32.vcxproj", "{D7D05C96-6AF9-48AB-993B-EF1301638AB9}"
	ProjectSection(ProjectDependencies) = postProject
		{9A6BF074-3B02-4FCC-9EDD-A24BD5F5AFDB} = {9A6BF074-3B02-4FCC-9EDD-A24BD5F5AFDB}
	EndProjectSection
EndProject
Project("{8BC9CEB8-8B4A-11D0-8D11-00A0C91BC942}") = "common", "common\common.vcxproj", "{9A6BF074-3B02-4FCC-9EDD-A24BD5F5AFDB}"
EndProject
Project("{2150E333-8FDC-42A3-9474-1A3956D46DE8}") = "android-app", "android-app", "{66B916AA-1B03-48B9-88EC-7671CB7211B7}"
EndProject
Project("{39E2626F-3545-4960-A6E8-258AD8476CE5}") = "android-app.Packaging", "android-app\android-app.Packaging\android-app.Packaging.androidproj", "{25C80C0B-7E53-443B-97DB-02083BAB8A4A}"
EndProject
Project("{8BC9CEB8-8B4A-11D0-8D11-00A0C91BC942}") = "android-app.NativeActivity", "android-app\android-app.NativeActivity\android-app.NativeActivity.vcxproj", "{4036FDDD-068D-4246-8A6C-5EDD1C3E0AEF}"
EndProject
Global
	GlobalSection(SolutionConfigurationPlatforms) = preSolution
		Debug|ARM = Debug|ARM
		Debug|ARM64 = Debug|ARM64
		Debug|x64 = Debug|x64
		Debug|x86 = Debug|x86
		Release|ARM = Release|ARM
		Release|ARM64 = Release|ARM64
		Release|x64 = Release|x64
		Release|x86 = Release|x86
	EndGlobalSection
	GlobalSection(ProjectConfigurationPlatforms) = postSolution
		{D7D05C96-6AF9-48AB-993B-EF1301638AB9}.Debug|ARM.ActiveCfg = Debug|Win32
		{D7D05C96-6AF9-48AB-993B-EF1301638AB9}.Debug|ARM64.ActiveCfg = Debug|Win32
		{D7D05C96-6AF9-48AB-993B-EF1301638AB9}.Debug|x64.ActiveCfg = Debug|x64
		{D7D05C96-6AF9-48AB-993B-EF1301638AB9}.Debug|x64.Build.0 = Debug|x64
		{D7D05C96-6AF9-48AB-993B-EF1301638AB9}.Debug|x86.ActiveCfg = Debug|Win32
		{D7D05C96-6AF9-48AB-993B-EF1301638AB9}.Debug|x86.Build.0 = Debug|Win32
		{D7D05C96-6AF9-48AB-993B-EF1301638AB9}.Release|ARM.ActiveCfg = Release|Win32
		{D7D05C96-6AF9-48AB-993B-EF1301638AB9}.Release|ARM64.ActiveCfg = Release|Win32
		{D7D05C96-6AF9-48AB-993B-EF1301638AB9}.Release|x64.ActiveCfg = Release|x64
		{D7D05C96-6AF9-48AB-993B-EF1301638AB9}.Release|x64.Build.0 = Release|x64
		{D7D05C96-6AF9-48AB-993B-EF1301638AB9}.Release|x86.ActiveCfg = Release|Win32
		{D7D05C96-6AF9-48AB-993B-EF1301638AB9}.Release|x86.Build.0 = Release|Win32
		{9A6BF074-3B02-4FCC-9EDD-A24BD5F5AFDB}.Debug|ARM.ActiveCfg = Debug|Win32
		{9A6BF074-3B02-4FCC-9EDD-A24BD5F5AFDB}.Debug|ARM64.ActiveCfg = Debug|Win32
		{9A6BF074-3B02-4FCC-9EDD-A24BD5F5AFDB}.Debug|x64.ActiveCfg = Debug|x64
		{9A6BF074-3B02-4FCC-9EDD-A24BD5F5AFDB}.Debug|x64.Build.0 = Debug|x64
		{9A6BF074-3B02-4FCC-9EDD-A24BD5F5AFDB}.Debug|x86.ActiveCfg = Debug|Win32
		{9A6BF074-3B02-4FCC-9EDD-A24BD5F5AFDB}.Debug|x86.Build.0 = Debug|Win32
		{9A6BF074-3B02-4FCC-9EDD-A24BD5F5AFDB}.Release|ARM.ActiveCfg = Release|Win32
		{9A6BF074-3B02-4FCC-9EDD-A24BD5F5AFDB}.Release|ARM64.ActiveCfg = Release|Win32
		{9A6BF074-3B02-4FCC-9EDD-A24BD5F5AFDB}.Release|x64.ActiveCfg = Release|x64
		{9A6BF074-3B02-4FCC-9EDD-A24BD5F5AFDB}.Release|x64.Build.0 = Release|x64
		{9A6BF074-3B02-4FCC-9EDD-A24BD5F5AFDB}.Release|x86.ActiveCfg = Release|Win32
		{9A6BF074-3B02-4FCC-9EDD-A24BD5F5AFDB}.Release|x86.Build.0 = Release|Win32
		{25C80C0B-7E53-443B-97DB-02083BAB8A4A}.Debug|ARM.ActiveCfg = Debug|ARM
		{25C80C0B-7E53-443B-97DB-02083BAB8A4A}.Debug|ARM.Build.0 = Debug|ARM
		{25C80C0B-7E53-443B-97DB-02083BAB8A4A}.Debug|ARM.Deploy.0 = Debug|ARM
		{25C80C0B-7E53-443B-97DB-02083BAB8A4A}.Debug|ARM64.ActiveCfg = Debug|ARM64
		{25C80C0B-7E53-443B-97DB-02083BAB8A4A}.Debug|ARM64.Build.0 = Debug|ARM64
		{25C80C0B-7E53-443B-97DB-02083BAB8A4A}.Debug|ARM64.Deploy.0 = Debug|ARM64
		{25C80C0B-7E53-443B-97DB-02083BAB8A4A}.Debug|x64.ActiveCfg = Debug|x64
		{25C80C0B-7E53-443B-97DB-02083BAB8A4A}.Debug|x64.Build.0 = Debug|x64
		{25C80C0B-7E53-443B-97DB-02083BAB8A4A}.Debug|x64.Deploy.0 = Debug|x64
		{25C80C0B-7E53-443B-97DB-02083BAB8A4A}.Debug|x86.ActiveCfg = Debug|x86
		{25C80C0B-7E53-443B-97DB-02083BAB8A4A}.Debug|x86.Build.0 = Debug|x86
		{25C80C0B-7E53-443B-97DB-02083BAB8A4A}.Debug|x86.Deploy.0 = Debug|x86
		{25C80C0B-7E53-443B-97DB-02083BAB8A4A}.Release|ARM.ActiveCfg = Release|ARM
		{25C80C0B-7E53-443B-97DB-02083BAB8A4A}.Release|ARM.Build.0 = Release|ARM
		{25C80C0B-7E53-443B-97DB-02083BAB8A4A}.Release|ARM.Deploy.0 = Release|ARM
		{25C80C0B-7E53-443B-97DB-02083BAB8A4A}.Release|ARM64.ActiveCfg = Release|ARM64
		{25C80C0B-7E53-443B-97DB-02083BAB8A4A}.Release|ARM64.Build.0 = Release|ARM64
		{25C80C0B-7E53-443B-97DB-02083BAB8A4A}.Release|ARM64.Deploy.0 = Release|ARM64
		{25C80C0B-7E53-443B-97DB-02083BAB8A4A}.Release|x64.ActiveCfg = Release|x64
		{25C80C0B-7E53-443B-97DB-02083BAB8A4A}.Release|x64.Build.0 = Release|x64
		{25C80C0B-7E53-443B-97DB-02083BAB8A4A}.Release|x64.Deploy.0 = Release|x64
		{25C80C0B-7E53-443B-97DB-02083BAB8A4A}.Release|x86.ActiveCfg = Release|x86
		{25C80C0B-7E53-443B-97DB-02083BAB8A4A}.Release|x86.Build.0 = Release|x86
		{25C80C0B-7E53-443B-97DB-02083BAB8A4A}.Release|x86.Deploy.0 = Release|x86
		{4036FDDD-068D-4246-8A6C-5EDD1C3E0AEF}.Debug|ARM.ActiveCfg = Debug|ARM
		{4036FDDD-068D-4246-8A6C-5EDD1C3E0AEF}.Debug|ARM.Build.0 = Debug|ARM
		{4036FDDD-068D-4246-8A6C-5EDD1C3E0AEF}.Debug|ARM64.ActiveCfg = Debug|ARM64
		{4036FDDD-068D-4246-8A6C-5EDD1C3E0AEF}.Debug|ARM64.Build.0 = Debug|ARM64
		{4036FDDD-068D-4246-8A6C-5EDD1C3E0AEF}.Debug|x64.ActiveCfg = Debug|x64
		{4036FDDD-068D-4246-8A6C-5EDD1C3E0AEF}.Debug|x64.Build.0 = Debug|x64
		{4036FDDD-068D-4246-8A6C-5EDD1C3E0AEF}.Debug|x86.ActiveCfg = Debug|x86
		{4036FDDD-068D-4246-8A6C-5EDD1C3E0AEF}.Debug|x86.Build.0 = Debug|x86
		{4036FDDD-068D-4246-8A6C-5EDD1C3E0AEF}.Release|ARM.ActiveCfg = Release|ARM
		{4036FDDD-068D-4246-8A6C-5EDD1C3E0AEF}.Release|ARM.Build.0 = Release|ARM
		{4036FDDD-068D-4246-8A6C-5EDD1C3E0AEF}.Release|ARM64.ActiveCfg = Release|ARM64
		{4036FDDD-068D-4246-8A6C-5EDD1C3E0AEF}.Release|ARM64.Build.0 = Release|ARM64
		{4036FDDD-068D-4246-8A6C-5EDD1C3E0AEF}.Release|x64.ActiveCfg = Release|x64
		{4036FDDD-068D-4246-8A6C-5EDD1C3E0AEF}.Release|x64.Build.0 = Release|x64
		{4036FDDD-068D-4246-8A6C-5EDD1C3E0AEF}.Release|x86.ActiveCfg = Release|x86
		{4036FDDD-068D-4246-8A6C-5EDD1C3E0AEF}.Release|x86.Build.0 = Release|x86
	EndGlobalSection
	GlobalSection(SolutionProperties) = preSolution
		HideSolutionNode = FALSE
	EndGlobalSection
	GlobalSection(NestedProjects) = preSolution
		{25C80C0B-7E53-443B-97DB-02083BAB8A4A} = {66B916AA-1B03-48B9-88EC-7671CB7211B7}
		{4036FDDD-068D-4246-8A6C-5EDD1C3E0AEF} = {66B916AA-1B03-48B9-88EC-7671CB7211B7}
	EndGlobalSection
EndGlobal
