<?xml version="1.0" encoding="utf-8"?>
<Project ToolsVersion="4.0" xmlns="http://schemas.microsoft.com/developer/msbuild/2003">
  <ItemGroup>
    <ClCompile Include="main.cpp" />
    <ClCompile Include="OGLDriverPC.cpp" />
    <ClCompile Include="FileSystemPC.cpp" />
    <ClCompile Include="InputManagerPC.cpp" />
  </ItemGroup>
  <ItemGroup>
    <ClInclude Include="OGLDriverPC.h" />
    <ClInclude Include="FileSystemPC.h" />
    <ClInclude Include="InputManagerPC.h" />
  </ItemGroup>
  <ItemGroup>
    <Filter Include="tmpdata">
      <UniqueIdentifier>{fa0ce711-2c52-4324-9541-13086bb5134e}</UniqueIdentifier>
    </Filter>
  </ItemGroup>
  <ItemGroup>
    <None Include="test.scene">
      <Filter>tmpdata</Filter>
    </None>
    <None Include="BasicMaterial.vs">
      <Filter>tmpdata</Filter>
    </None>
    <None Include="BasicMaterial.ps">
      <Filter>tmpdata</Filter>
    </None>
    <None Include="Quad.vs">
      <Filter>tmpdata</Filter>
    </None>
    <None Include="Quad.ps">
      <Filter>tmpdata</Filter>
    </None>
    <None Include="test.mesh">
      <Filter>tmpdata</Filter>
    </None>
    <None Include="test.mtr">
      <Filter>tmpdata</Filter>
    </None>
    <None Include="BasicMaterialSkyLight.vs">
      <Filter>tmpdata</Filter>
    </None>
    <None Include="BasicMaterialSkyShadow.vs">
      <Filter>tmpdata</Filter>
    </None>
    <None Include="BasicMaterialDepth.ps">
      <Filter>tmpdata</Filter>
    </None>
    <None Include="BasicMaterialDepth.vs">
      <Filter>tmpdata</Filter>
    </None>
    <None Include="BasicMaterialShadow.ps">
      <Filter>tmpdata</Filter>
    </None>
    <None Include="DebugColor.ps">
      <Filter>tmpdata</Filter>
    </None>
    <None Include="DebugShape.vs">
      <Filter>tmpdata</Filter>
    </None>
    <None Include="DebugTex.ps">
      <Filter>tmpdata</Filter>
    </None>
  </ItemGroup>
  <ItemGroup>
    <Text Include="ShaderPreload.txt">
      <Filter>tmpdata</Filter>
    </Text>
  </ItemGroup>
  <ItemGroup>
    <Image Include="checker.tga">
      <Filter>tmpdata</Filter>
    </Image>
  </ItemGroup>
</Project>