<?xml version="1.0" encoding="utf-8"?>
<Project ToolsVersion="4.0" xmlns="http://schemas.microsoft.com/developer/msbuild/2003">
  <ItemGroup>
    <ClInclude Include="Engine.h" />
    <ClInclude Include="FileSystem.h" />
    <ClInclude Include="math3d.h">
      <Filter>math3d</Filter>
    </ClInclude>
    <ClInclude Include="InputManager.h">
      <Filter>Input</Filter>
    </ClInclude>
    <ClInclude Include="InputDeviceKeyboard.h">
      <Filter>Input</Filter>
    </ClInclude>
    <ClInclude Include="InputDeviceMouse.h">
      <Filter>Input</Filter>
    </ClInclude>
    <ClInclude Include="InputDeviceTouch.h">
      <Filter>Input</Filter>
    </ClInclude>
    <ClInclude Include="ConfigFile.h">
      <Filter>Utils</Filter>
    </ClInclude>
    <ClInclude Include="ConsoleVar.h">
      <Filter>Utils</Filter>
    </ClInclude>
    <ClInclude Include="OGLDriver.h">
      <Filter>Render</Filter>
    </ClInclude>
    <ClInclude Include="RenderDevice.h">
      <Filter>Render</Filter>
    </ClInclude>
    <ClInclude Include="Utils.h">
      <Filter>Utils</Filter>
    </ClInclude>
    <ClInclude Include="Platform.h">
      <Filter>Utils</Filter>
    </ClInclude>
    <ClInclude Include="pch.h">
      <Filter>Utils</Filter>
    </ClInclude>
    <ClInclude Include="Scene.h">
      <Filter>Scene</Filter>
    </ClInclude>
    <ClInclude Include="SceneObject.h">
      <Filter>Scene</Filter>
    </ClInclude>
    <ClInclude Include="SceneFactory.h">
      <Filter>Scene</Filter>
    </ClInclude>
    <ClInclude Include="SceneLoader.h">
      <Filter>Scene</Filter>
    </ClInclude>
    <ClInclude Include="tinyxml\tinyxml2.h">
      <Filter>3rdParty</Filter>
    </ClInclude>
    <ClInclude Include="SceneObjectData.h">
      <Filter>Scene</Filter>
    </ClInclude>
    <ClInclude Include="SceneObjects\SO_EmptyObject.h">
      <Filter>Scene\SceneObjects</Filter>
    </ClInclude>
    <ClInclude Include="RenderWorld.h">
      <Filter>Render</Filter>
    </ClInclude>
    <ClInclude Include="BatchRender.h">
      <Filter>Render</Filter>
    </ClInclude>
    <ClInclude Include="BaseMaterial.h">
      <Filter>Render</Filter>
    </ClInclude>
    <ClInclude Include="M_BasicMaterial.h">
      <Filter>Render\Materials</Filter>
    </ClInclude>
    <ClInclude Include="ShaderManager.h">
      <Filter>Render</Filter>
    </ClInclude>
    <ClInclude Include="MaterialManager.h">
      <Filter>Render</Filter>
    </ClInclude>
    <ClInclude Include="M_Quad.h">
      <Filter>Render\Materials</Filter>
    </ClInclude>
    <ClInclude Include="TextureManager.h">
      <Filter>Render</Filter>
    </ClInclude>
    <ClInclude Include="TexFormatTGA.h">
      <Filter>Render\TextureFormats</Filter>
    </ClInclude>
    <ClInclude Include="TexFormatJPG.h">
      <Filter>Render\TextureFormats</Filter>
    </ClInclude>
    <ClInclude Include="jpeglib\jconfig.h">
      <Filter>3rdParty\jpeglib</Filter>
    </ClInclude>
    <ClInclude Include="jpeglib\jpeglib.h">
      <Filter>3rdParty\jpeglib</Filter>
    </ClInclude>
    <ClInclude Include="jpeglib\cderror.h">
      <Filter>3rdParty\jpeglib\headers</Filter>
    </ClInclude>
    <ClInclude Include="jpeglib\cdjpeg.h">
      <Filter>3rdParty\jpeglib\headers</Filter>
    </ClInclude>
    <ClInclude Include="jpeglib\jchuff.h">
      <Filter>3rdParty\jpeglib\headers</Filter>
    </ClInclude>
    <ClInclude Include="jpeglib\jdct.h">
      <Filter>3rdParty\jpeglib\headers</Filter>
    </ClInclude>
    <ClInclude Include="jpeglib\jdhuff.h">
      <Filter>3rdParty\jpeglib\headers</Filter>
    </ClInclude>
    <ClInclude Include="jpeglib\jerror.h">
      <Filter>3rdParty\jpeglib\headers</Filter>
    </ClInclude>
    <ClInclude Include="jpeglib\jinclude.h">
      <Filter>3rdParty\jpeglib\headers</Filter>
    </ClInclude>
    <ClInclude Include="jpeglib\jmemsys.h">
      <Filter>3rdParty\jpeglib\headers</Filter>
    </ClInclude>
    <ClInclude Include="jpeglib\jmorecfg.h">
      <Filter>3rdParty\jpeglib\headers</Filter>
    </ClInclude>
    <ClInclude Include="jpeglib\jpegint.h">
      <Filter>3rdParty\jpeglib\headers</Filter>
    </ClInclude>
    <ClInclude Include="jpeglib\jversion.h">
      <Filter>3rdParty\jpeglib\headers</Filter>
    </ClInclude>
    <ClInclude Include="jpeglib\transupp.h">
      <Filter>3rdParty\jpeglib\headers</Filter>
    </ClInclude>
  </ItemGroup>
  <ItemGroup>
    <ClCompile Include="Engine.cpp" />
    <ClCompile Include="FileSystem.cpp" />
    <ClCompile Include="math3d.cpp">
      <Filter>math3d</Filter>
    </ClCompile>
    <ClCompile Include="InputDeviceKeyboard.cpp">
      <Filter>Input</Filter>
    </ClCompile>
    <ClCompile Include="InputDeviceMouse.cpp">
      <Filter>Input</Filter>
    </ClCompile>
    <ClCompile Include="InputDeviceTouch.cpp">
      <Filter>Input</Filter>
    </ClCompile>
    <ClCompile Include="InputManager.cpp">
      <Filter>Input</Filter>
    </ClCompile>
    <ClCompile Include="ConfigFile.cpp">
      <Filter>Utils</Filter>
    </ClCompile>
    <ClCompile Include="ConsoleVar.cpp">
      <Filter>Utils</Filter>
    </ClCompile>
    <ClCompile Include="RenderDevice.cpp">
      <Filter>Render</Filter>
    </ClCompile>
    <ClCompile Include="Utils.cpp">
      <Filter>Utils</Filter>
    </ClCompile>
    <ClCompile Include="pch.cpp">
      <Filter>Utils</Filter>
    </ClCompile>
    <ClCompile Include="Scene.cpp">
      <Filter>Scene</Filter>
    </ClCompile>
    <ClCompile Include="SceneObject.cpp">
      <Filter>Scene</Filter>
    </ClCompile>
    <ClCompile Include="SceneLoader.cpp">
      <Filter>Scene</Filter>
    </ClCompile>
    <ClCompile Include="tinyxml\tinyxml2.cpp">
      <Filter>3rdParty</Filter>
    </ClCompile>
    <ClCompile Include="SceneObjectData.cpp">
      <Filter>Scene</Filter>
    </ClCompile>
    <ClCompile Include="SceneFactory.cpp">
      <Filter>Scene</Filter>
    </ClCompile>
    <ClCompile Include="RenderWorld.cpp">
      <Filter>Render</Filter>
    </ClCompile>
    <ClCompile Include="BatchRender.cpp">
      <Filter>Render</Filter>
    </ClCompile>
    <ClCompile Include="BaseMaterial.cpp">
      <Filter>Render</Filter>
    </ClCompile>
    <ClCompile Include="ShaderManager.cpp">
      <Filter>Render</Filter>
    </ClCompile>
    <ClCompile Include="MaterialManager.cpp">
      <Filter>Render</Filter>
    </ClCompile>
    <ClCompile Include="TextureManager.cpp">
      <Filter>Render</Filter>
    </ClCompile>
    <ClCompile Include="TexFormatTGA.cpp">
      <Filter>Render\TextureFormats</Filter>
    </ClCompile>
    <ClCompile Include="TexFormatJPG.cpp">
      <Filter>Render\TextureFormats</Filter>
    </ClCompile>
    <ClCompile Include="jpeglib\jdapimin.c">
      <Filter>3rdParty\jpeglib\src</Filter>
    </ClCompile>
    <ClCompile Include="jpeglib\jdapistd.c">
      <Filter>3rdParty\jpeglib\src</Filter>
    </ClCompile>
    <ClCompile Include="jpeglib\jdatasrc.c">
      <Filter>3rdParty\jpeglib\src</Filter>
    </ClCompile>
    <ClCompile Include="jpeglib\jdcoefct.c">
      <Filter>3rdParty\jpeglib\src</Filter>
    </ClCompile>
    <ClCompile Include="jpeglib\jdcolor.c">
      <Filter>3rdParty\jpeglib\src</Filter>
    </ClCompile>
    <ClCompile Include="jpeglib\jddctmgr.c">
      <Filter>3rdParty\jpeglib\src</Filter>
    </ClCompile>
    <ClCompile Include="jpeglib\jdhuff.c">
      <Filter>3rdParty\jpeglib\src</Filter>
    </ClCompile>
    <ClCompile Include="jpeglib\jdinput.c">
      <Filter>3rdParty\jpeglib\src</Filter>
    </ClCompile>
    <ClCompile Include="jpeglib\jdmainct.c">
      <Filter>3rdParty\jpeglib\src</Filter>
    </ClCompile>
    <ClCompile Include="jpeglib\jdmarker.c">
      <Filter>3rdParty\jpeglib\src</Filter>
    </ClCompile>
    <ClCompile Include="jpeglib\jdmaster.c">
      <Filter>3rdParty\jpeglib\src</Filter>
    </ClCompile>
    <ClCompile Include="jpeglib\jdmerge.c">
      <Filter>3rdParty\jpeglib\src</Filter>
    </ClCompile>
    <ClCompile Include="jpeglib\jdphuff.c">
      <Filter>3rdParty\jpeglib\src</Filter>
    </ClCompile>
    <ClCompile Include="jpeglib\jdpostct.c">
      <Filter>3rdParty\jpeglib\src</Filter>
    </ClCompile>
    <ClCompile Include="jpeglib\jdsample.c">
      <Filter>3rdParty\jpeglib\src</Filter>
    </ClCompile>
    <ClCompile Include="jpeglib\jdtrans.c">
      <Filter>3rdParty\jpeglib\src</Filter>
    </ClCompile>
    <ClCompile Include="jpeglib\jidctflt.c">
      <Filter>3rdParty\jpeglib\src</Filter>
    </ClCompile>
    <ClCompile Include="jpeglib\jidctfst.c">
      <Filter>3rdParty\jpeglib\src</Filter>
    </ClCompile>
    <ClCompile Include="jpeglib\jidctint.c">
      <Filter>3rdParty\jpeglib\src</Filter>
    </ClCompile>
    <ClCompile Include="jpeglib\jidctred.c">
      <Filter>3rdParty\jpeglib\src</Filter>
    </ClCompile>
    <ClCompile Include="jpeglib\jquant1.c">
      <Filter>3rdParty\jpeglib\src</Filter>
    </ClCompile>
    <ClCompile Include="jpeglib\jquant2.c">
      <Filter>3rdParty\jpeglib\src</Filter>
    </ClCompile>
    <ClCompile Include="jpeglib\jmemansi.c">
      <Filter>3rdParty\jpeglib\src</Filter>
    </ClCompile>
    <ClCompile Include="jpeglib\jcomapi.c">
      <Filter>3rdParty\jpeglib\src</Filter>
    </ClCompile>
    <ClCompile Include="jpeglib\jerror.c">
      <Filter>3rdParty\jpeglib\src</Filter>
    </ClCompile>
    <ClCompile Include="jpeglib\jmemmgr.c">
      <Filter>3rdParty\jpeglib\src</Filter>
    </ClCompile>
    <ClCompile Include="jpeglib\jutils.c">
      <Filter>3rdParty\jpeglib\src</Filter>
    </ClCompile>
  </ItemGroup>
  <ItemGroup>
    <Filter Include="math3d">
      <UniqueIdentifier>{e6cca8c9-9190-45b2-9ce2-7c12b47c192b}</UniqueIdentifier>
    </Filter>
    <Filter Include="Scene">
      <UniqueIdentifier>{7d9679e0-3e6c-4aeb-ad4f-9f6c706c7020}</UniqueIdentifier>
    </Filter>
    <Filter Include="Render">
      <UniqueIdentifier>{aa08c8b8-c3b8-4434-a355-854a428db8b9}</UniqueIdentifier>
    </Filter>
    <Filter Include="Input">
      <UniqueIdentifier>{ef24258c-a740-4c8d-a106-4082de68413f}</UniqueIdentifier>
    </Filter>
    <Filter Include="Utils">
      <UniqueIdentifier>{9dcd75e5-f217-40ae-baf6-053e4ea4199a}</UniqueIdentifier>
    </Filter>
    <Filter Include="3rdParty">
      <UniqueIdentifier>{ff804df3-997d-4c1f-a5c9-bf73d03c9a31}</UniqueIdentifier>
    </Filter>
    <Filter Include="Scene\SceneObjects">
      <UniqueIdentifier>{ef9897f8-c4f3-4920-8558-fa077cbcf73b}</UniqueIdentifier>
    </Filter>
    <Filter Include="Render\Materials">
      <UniqueIdentifier>{1682feb6-f2ac-4080-9f71-956f80e6d1c3}</UniqueIdentifier>
    </Filter>
    <Filter Include="Render\TextureFormats">
      <UniqueIdentifier>{8ed9e522-d4ef-43cc-b23e-61ce2d64df4b}</UniqueIdentifier>
    </Filter>
    <Filter Include="3rdParty\jpeglib">
      <UniqueIdentifier>{296999d0-2367-4e17-863b-a4f5b0f974cd}</UniqueIdentifier>
    </Filter>
    <Filter Include="3rdParty\jpeglib\src">
      <UniqueIdentifier>{007e7b17-b917-44b7-aed8-bec3a1fca8be}</UniqueIdentifier>
    </Filter>
    <Filter Include="3rdParty\jpeglib\headers">
      <UniqueIdentifier>{15202c4d-2836-411a-9fa0-093a2c8f9a15}</UniqueIdentifier>
    </Filter>
  </ItemGroup>
  <ItemGroup>
    <None Include="jpeglib\makefile.vc">
      <Filter>3rdParty\jpeglib</Filter>
    </None>
  </ItemGroup>
</Project>