<?xml version="1.0" encoding="utf-8"?>
<Project ToolsVersion="4.0" xmlns="http://schemas.microsoft.com/developer/msbuild/2003">
  <ItemGroup>
    <ClInclude Include="Platform.h" />
    <ClInclude Include="Engine.h" />
    <ClInclude Include="pch.h" />
    <ClInclude Include="RenderDevice.h" />
    <ClInclude Include="OGLDriver.h" />
  </ItemGroup>
  <ItemGroup>
    <ClCompile Include="pch.cpp" />
    <ClCompile Include="Engine.cpp" />
    <ClCompile Include="RenderDevice.cpp" />
  </ItemGroup>
</Project>