<?xml version="1.0" encoding="utf-8"?>
<Project ToolsVersion="4.0" xmlns="http://schemas.microsoft.com/developer/msbuild/2003">
  <ItemGroup>
    <ClInclude Include="android_native_app_glue.h" />
    <ClInclude Include="OGLDriverGLES.h" />
    <ClInclude Include="Precompiled.h" />
    <ClInclude Include="..\..\common\Engine.h">
      <Filter>common</Filter>
    </ClInclude>
    <ClInclude Include="..\..\common\OGLDriver.h">
      <Filter>common</Filter>
    </ClInclude>
    <ClInclude Include="..\..\common\pch.h">
      <Filter>common</Filter>
    </ClInclude>
    <ClInclude Include="..\..\common\Platform.h">
      <Filter>common</Filter>
    </ClInclude>
    <ClInclude Include="..\..\common\RenderDevice.h">
      <Filter>common</Filter>
    </ClInclude>
    <ClInclude Include="..\..\common\math3d.h">
      <Filter>common</Filter>
    </ClInclude>
    <ClInclude Include="..\..\common\ConsoleVar.h">
      <Filter>common</Filter>
    </ClInclude>
    <ClInclude Include="..\..\common\Utils.h">
      <Filter>common</Filter>
    </ClInclude>
  </ItemGroup>
  <ItemGroup>
    <ClCompile Include="android_native_app_glue.c" />
    <ClCompile Include="main.cpp" />
    <ClCompile Include="OGLDriverGLES.cpp" />
    <ClCompile Include="..\..\common\Engine.cpp">
      <Filter>common</Filter>
    </ClCompile>
    <ClCompile Include="..\..\common\pch.cpp">
      <Filter>common</Filter>
    </ClCompile>
    <ClCompile Include="..\..\common\RenderDevice.cpp">
      <Filter>common</Filter>
    </ClCompile>
    <ClCompile Include="..\..\common\math3d.cpp">
      <Filter>common</Filter>
    </ClCompile>
    <ClCompile Include="..\..\common\ConsoleVar.cpp">
      <Filter>common</Filter>
    </ClCompile>
    <ClCompile Include="..\..\common\Utils.cpp">
      <Filter>common</Filter>
    </ClCompile>
  </ItemGroup>
  <ItemGroup>
    <Filter Include="common">
      <UniqueIdentifier>{fe01c6aa-3651-43a0-8246-a9c93ee24a0a}</UniqueIdentifier>
    </Filter>
  </ItemGroup>
</Project>